
Microsoft Visual Studio Solution File, Format Version 12.00
# Visual Studio Version 17
VisualStudioVersion = 17.9.34321.82
MinimumVisualStudioVersion = 10.0.40219.1
Project("{FAE04EC0-301F-11D3-BF4B-00C04F79EFBC}") = "MauiAppExternalKeyboard", "MauiAppExternalKeyboard\MauiAppExternalKeyboard.csproj", "{CA517B06-F38A-4CF3-BF68-BED59D96EBEE}"
EndProject
Global
	GlobalSection(SolutionConfigurationPlatforms) = preSolution
		Debug|Any CPU = Debug|Any CPU
		Release|Any CPU = Release|Any CPU
	EndGlobalSection
	GlobalSection(ProjectConfigurationPlatforms) = postSolution
		{CA517B06-F38A-4CF3-BF68-BED59D96EBEE}.Debug|Any CPU.ActiveCfg = Debug|Any CPU
		{CA517B06-F38A-4CF3-BF68-BED59D96EBEE}.Debug|Any CPU.Build.0 = Debug|Any CPU
		{CA517B06-F38A-4CF3-BF68-BED59D96EBEE}.Debug|Any CPU.Deploy.0 = Debug|Any CPU
		{CA517B06-F38A-4CF3-BF68-BED59D96EBEE}.Release|Any CPU.ActiveCfg = Release|Any CPU
		{CA517B06-F38A-4CF3-BF68-BED59D96EBEE}.Release|Any CPU.Build.0 = Release|Any CPU
		{CA517B06-F38A-4CF3-BF68-BED59D96EBEE}.Release|Any CPU.Deploy.0 = Release|Any CPU
	EndGlobalSection
	GlobalSection(SolutionProperties) = preSolution
		HideSolutionNode = FALSE
	EndGlobalSection
	GlobalSection(ExtensibilityGlobals) = postSolution
		SolutionGuid = {6F84EED3-A818-4592-AFFA-332D42D4B1EC}
	EndGlobalSection
EndGlobal
